// !$*UTF8*$!
{
	archiveVersion = 1;
	classes = {
	};
	objectVersion = 50;
	objects = {

/* Begin PBXBuildFile section */
		D3FCC630265148B70084876F /* AppDelegate.swift in Sources */ = {isa = PBXBuildFile; fileRef = D3FCC62F265148B70084876F /* AppDelegate.swift */; };
		D3FCC632265148B70084876F /* SceneDelegate.swift in Sources */ = {isa = PBXBuildFile; fileRef = D3FCC631265148B70084876F /* SceneDelegate.swift */; };
		D3FCC637265148B70084876F /* Main.storyboard in Resources */ = {isa = PBXBuildFile; fileRef = D3FCC635265148B70084876F /* Main.storyboard */; };
		D3FCC639265148B80084876F /* Assets.xcassets in Resources */ = {isa = PBXBuildFile; fileRef = D3FCC638265148B80084876F /* Assets.xcassets */; };
		D3FCC63C265148B80084876F /* LaunchScreen.storyboard in Resources */ = {isa = PBXBuildFile; fileRef = D3FCC63A265148B80084876F /* LaunchScreen.storyboard */; };
		D3FCC647265148B80084876F /* BountyList_CollectionViewTests.swift in Sources */ = {isa = PBXBuildFile; fileRef = D3FCC646265148B80084876F /* BountyList_CollectionViewTests.swift */; };
		D3FCC652265148B90084876F /* BountyList_CollectionViewUITests.swift in Sources */ = {isa = PBXBuildFile; fileRef = D3FCC651265148B90084876F /* BountyList_CollectionViewUITests.swift */; };
		D3FCC66026514BDA0084876F /* BountyViewController.swift in Sources */ = {isa = PBXBuildFile; fileRef = D3FCC65F26514BDA0084876F /* BountyViewController.swift */; };
		D3FCC66226514C080084876F /* DetailViewController.swift in Sources */ = {isa = PBXBuildFile; fileRef = D3FCC66126514C080084876F /* DetailViewController.swift */; };
		D3FCC66426514DF60084876F /* BounrtInfo.swift in Sources */ = {isa = PBXBuildFile; fileRef = D3FCC66326514DF60084876F /* BounrtInfo.swift */; };
/* End PBXBuildFile section */

/* Begin PBXContainerItemProxy section */
		D3FCC643265148B80084876F /* PBXContainerItemProxy */ = {
			isa = PBXContainerItemProxy;
			containerPortal = D3FCC624265148B70084876F /* Project object */;
			proxyType = 1;
			remoteGlobalIDString = D3FCC62B265148B70084876F;
			remoteInfo = BountyList_CollectionView;
		};
		D3FCC64E265148B90084876F /* PBXContainerItemProxy */ = {
			isa = PBXContainerItemProxy;
			containerPortal = D3FCC624265148B70084876F /* Project object */;
			proxyType = 1;
			remoteGlobalIDString = D3FCC62B265148B70084876F;
			remoteInfo = BountyList_CollectionView;
		};
/* End PBXContainerItemProxy section */

/* Begin PBXFileReference section */
		D3FCC62C265148B70084876F /* BountyList_CollectionView.app */ = {isa = PBXFileReference; explicitFileType = wrapper.application; includeInIndex = 0; path = BountyList_CollectionView.app; sourceTree = BUILT_PRODUCTS_DIR; };
		D3FCC62F265148B70084876F /* AppDelegate.swift */ = {isa = PBXFileReference; lastKnownFileType = sourcecode.swift; path = AppDelegate.swift; sourceTree = "<group>"; };
		D3FCC631265148B70084876F /* SceneDelegate.swift */ = {isa = PBXFileReference; lastKnownFileType = sourcecode.swift; path = SceneDelegate.swift; sourceTree = "<group>"; };
		D3FCC636265148B70084876F /* Base */ = {isa = PBXFileReference; lastKnownFileType = file.storyboard; name = Base; path = Base.lproj/Main.storyboard; sourceTree = "<group>"; };
		D3FCC638265148B80084876F /* Assets.xcassets */ = {isa = PBXFileReference; lastKnownFileType = folder.assetcatalog; path = Assets.xcassets; sourceTree = "<group>"; };
		D3FCC63B265148B80084876F /* Base */ = {isa = PBXFileReference; lastKnownFileType = file.storyboard; name = Base; path = Base.lproj/LaunchScreen.storyboard; sourceTree = "<group>"; };
		D3FCC63D265148B80084876F /* Info.plist */ = {isa = PBXFileReference; lastKnownFileType = text.plist.xml; path = Info.plist; sourceTree = "<group>"; };
		D3FCC642265148B80084876F /* BountyList_CollectionViewTests.xctest */ = {isa = PBXFileReference; explicitFileType = wrapper.cfbundle; includeInIndex = 0; path = BountyList_CollectionViewTests.xctest; sourceTree = BUILT_PRODUCTS_DIR; };
		D3FCC646265148B80084876F /* BountyList_CollectionViewTests.swift */ = {isa = PBXFileReference; lastKnownFileType = sourcecode.swift; path = BountyList_CollectionViewTests.swift; sourceTree = "<group>"; };
		D3FCC648265148B80084876F /* Info.plist */ = {isa = PBXFileReference; lastKnownFileType = text.plist.xml; path = Info.plist; sourceTree = "<group>"; };
		D3FCC64D265148B90084876F /* BountyList_CollectionViewUITests.xctest */ = {isa = PBXFileReference; explicitFileType = wrapper.cfbundle; includeInIndex = 0; path = BountyList_CollectionViewUITests.xctest; sourceTree = BUILT_PRODUCTS_DIR; };
		D3FCC651265148B90084876F /* BountyList_CollectionViewUITests.swift */ = {isa = PBXFileReference; lastKnownFileType = sourcecode.swift; path = BountyList_CollectionViewUITests.swift; sourceTree = "<group>"; };
		D3FCC653265148B90084876F /* Info.plist */ = {isa = PBXFileReference; lastKnownFileType = text.plist.xml; path = Info.plist; sourceTree = "<group>"; };
		D3FCC65F26514BDA0084876F /* BountyViewController.swift */ = {isa = PBXFileReference; lastKnownFileType = sourcecode.swift; path = BountyViewController.swift; sourceTree = "<group>"; };
		D3FCC66126514C080084876F /* DetailViewController.swift */ = {isa = PBXFileReference; lastKnownFileType = sourcecode.swift; path = DetailViewController.swift; sourceTree = "<group>"; };
		D3FCC66326514DF60084876F /* BounrtInfo.swift */ = {isa = PBXFileReference; lastKnownFileType = sourcecode.swift; path = BounrtInfo.swift; sourceTree = "<group>"; };
/* End PBXFileReference section */

/* Begin PBXFrameworksBuildPhase section */
		D3FCC629265148B70084876F /* Frameworks */ = {
			isa = PBXFrameworksBuildPhase;
			buildActionMask = 2147483647;
			files = (
			);
			runOnlyForDeploymentPostprocessing = 0;
		};
		D3FCC63F265148B80084876F /* Frameworks */ = {
			isa = PBXFrameworksBuildPhase;
			buildActionMask = 2147483647;
			files = (
			);
			runOnlyForDeploymentPostprocessing = 0;
		};
		D3FCC64A265148B90084876F /* Frameworks */ = {
			isa = PBXFrameworksBuildPhase;
			buildActionMask = 2147483647;
			files = (
			);
			runOnlyForDeploymentPostprocessing = 0;
		};
/* End PBXFrameworksBuildPhase section */

/* Begin PBXGroup section */
		D3FCC623265148B70084876F = {
			isa = PBXGroup;
			children = (
				D3FCC62E265148B70084876F /* BountyList_CollectionView */,
				D3FCC645265148B80084876F /* BountyList_CollectionViewTests */,
				D3FCC650265148B90084876F /* BountyList_CollectionViewUITests */,
				D3FCC62D265148B70084876F /* Products */,
			);
			sourceTree = "<group>";
		};
		D3FCC62D265148B70084876F /* Products */ = {
			isa = PBXGroup;
			children = (
				D3FCC62C265148B70084876F /* BountyList_CollectionView.app */,
				D3FCC642265148B80084876F /* BountyList_CollectionViewTests.xctest */,
				D3FCC64D265148B90084876F /* BountyList_CollectionViewUITests.xctest */,
			);
			name = Products;
			sourceTree = "<group>";
		};
		D3FCC62E265148B70084876F /* BountyList_CollectionView */ = {
			isa = PBXGroup;
			children = (
				D3FCC62F265148B70084876F /* AppDelegate.swift */,
				D3FCC631265148B70084876F /* SceneDelegate.swift */,
				D3FCC635265148B70084876F /* Main.storyboard */,
				D3FCC638265148B80084876F /* Assets.xcassets */,
				D3FCC63A265148B80084876F /* LaunchScreen.storyboard */,
				D3FCC63D265148B80084876F /* Info.plist */,
				D3FCC65F26514BDA0084876F /* BountyViewController.swift */,
				D3FCC66326514DF60084876F /* BounrtInfo.swift */,
				D3FCC66126514C080084876F /* DetailViewController.swift */,
			);
			path = BountyList_CollectionView;
			sourceTree = "<group>";
		};
		D3FCC645265148B80084876F /* BountyList_CollectionViewTests */ = {
			isa = PBXGroup;
			children = (
				D3FCC646265148B80084876F /* BountyList_CollectionViewTests.swift */,
				D3FCC648265148B80084876F /* Info.plist */,
			);
			path = BountyList_CollectionViewTests;
			sourceTree = "<group>";
		};
		D3FCC650265148B90084876F /* BountyList_CollectionViewUITests */ = {
			isa = PBXGroup;
			children = (
				D3FCC651265148B90084876F /* BountyList_CollectionViewUITests.swift */,
				D3FCC653265148B90084876F /* Info.plist */,
			);
			path = BountyList_CollectionViewUITests;
			sourceTree = "<group>";
		};
/* End PBXGroup section */

/* Begin PBXNativeTarget section */
		D3FCC62B265148B70084876F /* BountyList_CollectionView */ = {
			isa = PBXNativeTarget;
			buildConfigurationList = D3FCC656265148B90084876F /* Build configuration list for PBXNativeTarget "BountyList_CollectionView" */;
			buildPhases = (
				D3FCC628265148B70084876F /* Sources */,
				D3FCC629265148B70084876F /* Frameworks */,
				D3FCC62A265148B70084876F /* Resources */,
			);
			buildRules = (
			);
			dependencies = (
			);
			name = BountyList_CollectionView;
			productName = BountyList_CollectionView;
			productReference = D3FCC62C265148B70084876F /* BountyList_CollectionView.app */;
			productType = "com.apple.product-type.application";
		};
		D3FCC641265148B80084876F /* BountyList_CollectionViewTests */ = {
			isa = PBXNativeTarget;
			buildConfigurationList = D3FCC659265148B90084876F /* Build configuration list for PBXNativeTarget "BountyList_CollectionViewTests" */;
			buildPhases = (
				D3FCC63E265148B80084876F /* Sources */,
				D3FCC63F265148B80084876F /* Frameworks */,
				D3FCC640265148B80084876F /* Resources */,
			);
			buildRules = (
			);
			dependencies = (
				D3FCC644265148B80084876F /* PBXTargetDependency */,
			);
			name = BountyList_CollectionViewTests;
			productName = BountyList_CollectionViewTests;
			productReference = D3FCC642265148B80084876F /* BountyList_CollectionViewTests.xctest */;
			productType = "com.apple.product-type.bundle.unit-test";
		};
		D3FCC64C265148B90084876F /* BountyList_CollectionViewUITests */ = {
			isa = PBXNativeTarget;
			buildConfigurationList = D3FCC65C265148B90084876F /* Build configuration list for PBXNativeTarget "BountyList_CollectionViewUITests" */;
			buildPhases = (
				D3FCC649265148B90084876F /* Sources */,
				D3FCC64A265148B90084876F /* Frameworks */,
				D3FCC64B265148B90084876F /* Resources */,
			);
			buildRules = (
			);
			dependencies = (
				D3FCC64F265148B90084876F /* PBXTargetDependency */,
			);
			name = BountyList_CollectionViewUITests;
			productName = BountyList_CollectionViewUITests;
			productReference = D3FCC64D265148B90084876F /* BountyList_CollectionViewUITests.xctest */;
			productType = "com.apple.product-type.bundle.ui-testing";
		};
/* End PBXNativeTarget section */

/* Begin PBXProject section */
		D3FCC624265148B70084876F /* Project object */ = {
			isa = PBXProject;
			attributes = {
				LastSwiftUpdateCheck = 1250;
				LastUpgradeCheck = 1250;
				TargetAttributes = {
					D3FCC62B265148B70084876F = {
						CreatedOnToolsVersion = 12.5;
					};
					D3FCC641265148B80084876F = {
						CreatedOnToolsVersion = 12.5;
						TestTargetID = D3FCC62B265148B70084876F;
					};
					D3FCC64C265148B90084876F = {
						CreatedOnToolsVersion = 12.5;
						TestTargetID = D3FCC62B265148B70084876F;
					};
				};
			};
			buildConfigurationList = D3FCC627265148B70084876F /* Build configuration list for PBXProject "BountyList_CollectionView" */;
			compatibilityVersion = "Xcode 9.3";
			developmentRegion = en;
			hasScannedForEncodings = 0;
			knownRegions = (
				en,
				Base,
			);
			mainGroup = D3FCC623265148B70084876F;
			productRefGroup = D3FCC62D265148B70084876F /* Products */;
			projectDirPath = "";
			projectRoot = "";
			targets = (
				D3FCC62B265148B70084876F /* BountyList_CollectionView */,
				D3FCC641265148B80084876F /* BountyList_CollectionViewTests */,
				D3FCC64C265148B90084876F /* BountyList_CollectionViewUITests */,
			);
		};
/* End PBXProject section */

/* Begin PBXResourcesBuildPhase section */
		D3FCC62A265148B70084876F /* Resources */ = {
			isa = PBXResourcesBuildPhase;
			buildActionMask = 2147483647;
			files = (
				D3FCC63C265148B80084876F /* LaunchScreen.storyboard in Resources */,
				D3FCC639265148B80084876F /* Assets.xcassets in Resources */,
				D3FCC637265148B70084876F /* Main.storyboard in Resources */,
			);
			runOnlyForDeploymentPostprocessing = 0;
		};
		D3FCC640265148B80084876F /* Resources */ = {
			isa = PBXResourcesBuildPhase;
			buildActionMask = 2147483647;
			files = (
			);
			runOnlyForDeploymentPostprocessing = 0;
		};
		D3FCC64B265148B90084876F /* Resources */ = {
			isa = PBXResourcesBuildPhase;
			buildActionMask = 2147483647;
			files = (
			);
			runOnlyForDeploymentPostprocessing = 0;
		};
/* End PBXResourcesBuildPhase section */

/* Begin PBXSourcesBuildPhase section */
		D3FCC628265148B70084876F /* Sources */ = {
			isa = PBXSourcesBuildPhase;
			buildActionMask = 2147483647;
			files = (
				D3FCC66426514DF60084876F /* BounrtInfo.swift in Sources */,
				D3FCC630265148B70084876F /* AppDelegate.swift in Sources */,
				D3FCC66026514BDA0084876F /* BountyViewController.swift in Sources */,
				D3FCC632265148B70084876F /* SceneDelegate.swift in Sources */,
				D3FCC66226514C080084876F /* DetailViewController.swift in Sources */,
			);
			runOnlyForDeploymentPostprocessing = 0;
		};
		D3FCC63E265148B80084876F /* Sources */ = {
			isa = PBXSourcesBuildPhase;
			buildActionMask = 2147483647;
			files = (
				D3FCC647265148B80084876F /* BountyList_CollectionViewTests.swift in Sources */,
			);
			runOnlyForDeploymentPostprocessing = 0;
		};
		D3FCC649265148B90084876F /* Sources */ = {
			isa = PBXSourcesBuildPhase;
			buildActionMask = 2147483647;
			files = (
				D3FCC652265148B90084876F /* BountyList_CollectionViewUITests.swift in Sources */,
			);
			runOnlyForDeploymentPostprocessing = 0;
		};
/* End PBXSourcesBuildPhase section */

/* Begin PBXTargetDependency section */
		D3FCC644265148B80084876F /* PBXTargetDependency */ = {
			isa = PBXTargetDependency;
			target = D3FCC62B265148B70084876F /* BountyList_CollectionView */;
			targetProxy = D3FCC643265148B80084876F /* PBXContainerItemProxy */;
		};
		D3FCC64F265148B90084876F /* PBXTargetDependency */ = {
			isa = PBXTargetDependency;
			target = D3FCC62B265148B70084876F /* BountyList_CollectionView */;
			targetProxy = D3FCC64E265148B90084876F /* PBXContainerItemProxy */;
		};
/* End PBXTargetDependency section */

/* Begin PBXVariantGroup section */
		D3FCC635265148B70084876F /* Main.storyboard */ = {
			isa = PBXVariantGroup;
			children = (
				D3FCC636265148B70084876F /* Base */,
			);
			name = Main.storyboard;
			sourceTree = "<group>";
		};
		D3FCC63A265148B80084876F /* LaunchScreen.storyboard */ = {
			isa = PBXVariantGroup;
			children = (
				D3FCC63B265148B80084876F /* Base */,
			);
			name = LaunchScreen.storyboard;
			sourceTree = "<group>";
		};
/* End PBXVariantGroup section */

/* Begin XCBuildConfiguration section */
		D3FCC654265148B90084876F /* Debug */ = {
			isa = XCBuildConfiguration;
			buildSettings = {
				ALWAYS_SEARCH_USER_PATHS = NO;
				CLANG_ANALYZER_NONNULL = YES;
				CLANG_ANALYZER_NUMBER_OBJECT_CONVERSION = YES_AGGRESSIVE;
				CLANG_CXX_LANGUAGE_STANDARD = "gnu++14";
				CLANG_CXX_LIBRARY = "libc++";
				CLANG_ENABLE_MODULES = YES;
				CLANG_ENABLE_OBJC_ARC = YES;
				CLANG_ENABLE_OBJC_WEAK = YES;
				CLANG_WARN_BLOCK_CAPTURE_AUTORELEASING = YES;
				CLANG_WARN_BOOL_CONVERSION = YES;
				CLANG_WARN_COMMA = YES;
				CLANG_WARN_CONSTANT_CONVERSION = YES;
				CLANG_WARN_DEPRECATED_OBJC_IMPLEMENTATIONS = YES;
				CLANG_WARN_DIRECT_OBJC_ISA_USAGE = YES_ERROR;
				CLANG_WARN_DOCUMENTATION_COMMENTS = YES;
				CLANG_WARN_EMPTY_BODY = YES;
				CLANG_WARN_ENUM_CONVERSION = YES;
				CLANG_WARN_INFINITE_RECURSION = YES;
				CLANG_WARN_INT_CONVERSION = YES;
				CLANG_WARN_NON_LITERAL_NULL_CONVERSION = YES;
				CLANG_WARN_OBJC_IMPLICIT_RETAIN_SELF = YES;
				CLANG_WARN_OBJC_LITERAL_CONVERSION = YES;
				CLANG_WARN_OBJC_ROOT_CLASS = YES_ERROR;
				CLANG_WARN_QUOTED_INCLUDE_IN_FRAMEWORK_HEADER = YES;
				CLANG_WARN_RANGE_LOOP_ANALYSIS = YES;
				CLANG_WARN_STRICT_PROTOTYPES = YES;
				CLANG_WARN_SUSPICIOUS_MOVE = YES;
				CLANG_WARN_UNGUARDED_AVAILABILITY = YES_AGGRESSIVE;
				CLANG_WARN_UNREACHABLE_CODE = YES;
				CLANG_WARN__DUPLICATE_METHOD_MATCH = YES;
				COPY_PHASE_STRIP = NO;
				DEBUG_INFORMATION_FORMAT = dwarf;
				ENABLE_STRICT_OBJC_MSGSEND = YES;
				ENABLE_TESTABILITY = YES;
				GCC_C_LANGUAGE_STANDARD = gnu11;
				GCC_DYNAMIC_NO_PIC = NO;
				GCC_NO_COMMON_BLOCKS = YES;
				GCC_OPTIMIZATION_LEVEL = 0;
				GCC_PREPROCESSOR_DEFINITIONS = (
					"DEBUG=1",
					"$(inherited)",
				);
				GCC_WARN_64_TO_32_BIT_CONVERSION = YES;
				GCC_WARN_ABOUT_RETURN_TYPE = YES_ERROR;
				GCC_WARN_UNDECLARED_SELECTOR = YES;
				GCC_WARN_UNINITIALIZED_AUTOS = YES_AGGRESSIVE;
				GCC_WARN_UNUSED_FUNCTION = YES;
				GCC_WARN_UNUSED_VARIABLE = YES;
				IPHONEOS_DEPLOYMENT_TARGET = 14.5;
				MTL_ENABLE_DEBUG_INFO = INCLUDE_SOURCE;
				MTL_FAST_MATH = YES;
				ONLY_ACTIVE_ARCH = YES;
				SDKROOT = iphoneos;
				SWIFT_ACTIVE_COMPILATION_CONDITIONS = DEBUG;
				SWIFT_OPTIMIZATION_LEVEL = "-Onone";
			};
			name = Debug;
		};
		D3FCC655265148B90084876F /* Release */ = {
			isa = XCBuildConfiguration;
			buildSettings = {
				ALWAYS_SEARCH_USER_PATHS = NO;
				CLANG_ANALYZER_NONNULL = YES;
				CLANG_ANALYZER_NUMBER_OBJECT_CONVERSION = YES_AGGRESSIVE;
				CLANG_CXX_LANGUAGE_STANDARD = "gnu++14";
				CLANG_CXX_LIBRARY = "libc++";
				CLANG_ENABLE_MODULES = YES;
				CLANG_ENABLE_OBJC_ARC = YES;
				CLANG_ENABLE_OBJC_WEAK = YES;
				CLANG_WARN_BLOCK_CAPTURE_AUTORELEASING = YES;
				CLANG_WARN_BOOL_CONVERSION = YES;
				CLANG_WARN_COMMA = YES;
				CLANG_WARN_CONSTANT_CONVERSION = YES;
				CLANG_WARN_DEPRECATED_OBJC_IMPLEMENTATIONS = YES;
				CLANG_WARN_DIRECT_OBJC_ISA_USAGE = YES_ERROR;
				CLANG_WARN_DOCUMENTATION_COMMENTS = YES;
				CLANG_WARN_EMPTY_BODY = YES;
				CLANG_WARN_ENUM_CONVERSION = YES;
				CLANG_WARN_INFINITE_RECURSION = YES;
				CLANG_WARN_INT_CONVERSION = YES;
				CLANG_WARN_NON_LITERAL_NULL_CONVERSION = YES;
				CLANG_WARN_OBJC_IMPLICIT_RETAIN_SELF = YES;
				CLANG_WARN_OBJC_LITERAL_CONVERSION = YES;
				CLANG_WARN_OBJC_ROOT_CLASS = YES_ERROR;
				CLANG_WARN_QUOTED_INCLUDE_IN_FRAMEWORK_HEADER = YES;
				CLANG_WARN_RANGE_LOOP_ANALYSIS = YES;
				CLANG_WARN_STRICT_PROTOTYPES = YES;
				CLANG_WARN_SUSPICIOUS_MOVE = YES;
				CLANG_WARN_UNGUARDED_AVAILABILITY = YES_AGGRESSIVE;
				CLANG_WARN_UNREACHABLE_CODE = YES;
				CLANG_WARN__DUPLICATE_METHOD_MATCH = YES;
				COPY_PHASE_STRIP = NO;
				DEBUG_INFORMATION_FORMAT = "dwarf-with-dsym";
				ENABLE_NS_ASSERTIONS = NO;
				ENABLE_STRICT_OBJC_MSGSEND = YES;
				GCC_C_LANGUAGE_STANDARD = gnu11;
				GCC_NO_COMMON_BLOCKS = YES;
				GCC_WARN_64_TO_32_BIT_CONVERSION = YES;
				GCC_WARN_ABOUT_RETURN_TYPE = YES_ERROR;
				GCC_WARN_UNDECLARED_SELECTOR = YES;
				GCC_WARN_UNINITIALIZED_AUTOS = YES_AGGRESSIVE;
				GCC_WARN_UNUSED_FUNCTION = YES;
				GCC_WARN_UNUSED_VARIABLE = YES;
				IPHONEOS_DEPLOYMENT_TARGET = 14.5;
				MTL_ENABLE_DEBUG_INFO = NO;
				MTL_FAST_MATH = YES;
				SDKROOT = iphoneos;
				SWIFT_COMPILATION_MODE = wholemodule;
				SWIFT_OPTIMIZATION_LEVEL = "-O";
				VALIDATE_PRODUCT = YES;
			};
			name = Release;
		};
		D3FCC657265148B90084876F /* Debug */ = {
			isa = XCBuildConfiguration;
			buildSettings = {
				ASSETCATALOG_COMPILER_APPICON_NAME = AppIcon;
				ASSETCATALOG_COMPILER_GLOBAL_ACCENT_COLOR_NAME = AccentColor;
				CODE_SIGN_STYLE = Automatic;
				INFOPLIST_FILE = BountyList_CollectionView/Info.plist;
				LD_RUNPATH_SEARCH_PATHS = (
					"$(inherited)",
					"@executable_path/Frameworks",
				);
				PRODUCT_BUNDLE_IDENTIFIER = "com.jayden.BountyList-CollectionView";
				PRODUCT_NAME = "$(TARGET_NAME)";
				SWIFT_VERSION = 5.0;
				TARGETED_DEVICE_FAMILY = "1,2";
			};
			name = Debug;
		};
		D3FCC658265148B90084876F /* Release */ = {
			isa = XCBuildConfiguration;
			buildSettings = {
				ASSETCATALOG_COMPILER_APPICON_NAME = AppIcon;
				ASSETCATALOG_COMPILER_GLOBAL_ACCENT_COLOR_NAME = AccentColor;
				CODE_SIGN_STYLE = Automatic;
				INFOPLIST_FILE = BountyList_CollectionView/Info.plist;
				LD_RUNPATH_SEARCH_PATHS = (
					"$(inherited)",
					"@executable_path/Frameworks",
				);
				PRODUCT_BUNDLE_IDENTIFIER = "com.jayden.BountyList-CollectionView";
				PRODUCT_NAME = "$(TARGET_NAME)";
				SWIFT_VERSION = 5.0;
				TARGETED_DEVICE_FAMILY = "1,2";
			};
			name = Release;
		};
		D3FCC65A265148B90084876F /* Debug */ = {
			isa = XCBuildConfiguration;
			buildSettings = {
				ALWAYS_EMBED_SWIFT_STANDARD_LIBRARIES = YES;
				BUNDLE_LOADER = "$(TEST_HOST)";
				CODE_SIGN_STYLE = Automatic;
				INFOPLIST_FILE = BountyList_CollectionViewTests/Info.plist;
				IPHONEOS_DEPLOYMENT_TARGET = 14.5;
				LD_RUNPATH_SEARCH_PATHS = (
					"$(inherited)",
					"@executable_path/Frameworks",
					"@loader_path/Frameworks",
				);
				PRODUCT_BUNDLE_IDENTIFIER = "com.jayden.BountyList-CollectionViewTests";
				PRODUCT_NAME = "$(TARGET_NAME)";
				SWIFT_VERSION = 5.0;
				TARGETED_DEVICE_FAMILY = "1,2";
				TEST_HOST = "$(BUILT_PRODUCTS_DIR)/BountyList_CollectionView.app/BountyList_CollectionView";
			};
			name = Debug;
		};
		D3FCC65B265148B90084876F /* Release */ = {
			isa = XCBuildConfiguration;
			buildSettings = {
				ALWAYS_EMBED_SWIFT_STANDARD_LIBRARIES = YES;
				BUNDLE_LOADER = "$(TEST_HOST)";
				CODE_SIGN_STYLE = Automatic;
				INFOPLIST_FILE = BountyList_CollectionViewTests/Info.plist;
				IPHONEOS_DEPLOYMENT_TARGET = 14.5;
				LD_RUNPATH_SEARCH_PATHS = (
					"$(inherited)",
					"@executable_path/Frameworks",
					"@loader_path/Frameworks",
				);
				PRODUCT_BUNDLE_IDENTIFIER = "com.jayden.BountyList-CollectionViewTests";
				PRODUCT_NAME = "$(TARGET_NAME)";
				SWIFT_VERSION = 5.0;
				TARGETED_DEVICE_FAMILY = "1,2";
				TEST_HOST = "$(BUILT_PRODUCTS_DIR)/BountyList_CollectionView.app/BountyList_CollectionView";
			};
			name = Release;
		};
		D3FCC65D265148B90084876F /* Debug */ = {
			isa = XCBuildConfiguration;
			buildSettings = {
				ALWAYS_EMBED_SWIFT_STANDARD_LIBRARIES = YES;
				CODE_SIGN_STYLE = Automatic;
				INFOPLIST_FILE = BountyList_CollectionViewUITests/Info.plist;
				LD_RUNPATH_SEARCH_PATHS = (
					"$(inherited)",
					"@executable_path/Frameworks",
					"@loader_path/Frameworks",
				);
				PRODUCT_BUNDLE_IDENTIFIER = "com.jayden.BountyList-CollectionViewUITests";
				PRODUCT_NAME = "$(TARGET_NAME)";
				SWIFT_VERSION = 5.0;
				TARGETED_DEVICE_FAMILY = "1,2";
				TEST_TARGET_NAME = BountyList_CollectionView;
			};
			name = Debug;
		};
		D3FCC65E265148B90084876F /* Release */ = {
			isa = XCBuildConfiguration;
			buildSettings = {
				ALWAYS_EMBED_SWIFT_STANDARD_LIBRARIES = YES;
				CODE_SIGN_STYLE = Automatic;
				INFOPLIST_FILE = BountyList_CollectionViewUITests/Info.plist;
				LD_RUNPATH_SEARCH_PATHS = (
					"$(inherited)",
					"@executable_path/Frameworks",
					"@loader_path/Frameworks",
				);
				PRODUCT_BUNDLE_IDENTIFIER = "com.jayden.BountyList-CollectionViewUITests";
				PRODUCT_NAME = "$(TARGET_NAME)";
				SWIFT_VERSION = 5.0;
				TARGETED_DEVICE_FAMILY = "1,2";
				TEST_TARGET_NAME = BountyList_CollectionView;
			};
			name = Release;
		};
/* End XCBuildConfiguration section */

/* Begin XCConfigurationList section */
		D3FCC627265148B70084876F /* Build configuration list for PBXProject "BountyList_CollectionView" */ = {
			isa = XCConfigurationList;
			buildConfigurations = (
				D3FCC654265148B90084876F /* Debug */,
				D3FCC655265148B90084876F /* Release */,
			);
			defaultConfigurationIsVisible = 0;
			defaultConfigurationName = Release;
		};
		D3FCC656265148B90084876F /* Build configuration list for PBXNativeTarget "BountyList_CollectionView" */ = {
			isa = XCConfigurationList;
			buildConfigurations = (
				D3FCC657265148B90084876F /* Debug */,
				D3FCC658265148B90084876F /* Release */,
			);
			defaultConfigurationIsVisible = 0;
			defaultConfigurationName = Release;
		};
		D3FCC659265148B90084876F /* Build configuration list for PBXNativeTarget "BountyList_CollectionViewTests" */ = {
			isa = XCConfigurationList;
			buildConfigurations = (
				D3FCC65A265148B90084876F /* Debug */,
				D3FCC65B265148B90084876F /* Release */,
			);
			defaultConfigurationIsVisible = 0;
			defaultConfigurationName = Release;
		};
		D3FCC65C265148B90084876F /* Build configuration list for PBXNativeTarget "BountyList_CollectionViewUITests" */ = {
			isa = XCConfigurationList;
			buildConfigurations = (
				D3FCC65D265148B90084876F /* Debug */,
				D3FCC65E265148B90084876F /* Release */,
			);
			defaultConfigurationIsVisible = 0;
			defaultConfigurationName = Release;
		};
/* End XCConfigurationList section */
	};
	rootObject = D3FCC624265148B70084876F /* Project object */;
}
